
Microsoft Visual Studio Solution File, Format Version 12.00
# Visual Studio 15
VisualStudioVersion = 15.0.28307.136
MinimumVisualStudioVersion = 10.0.40219.1
Project("{9A19103F-16F7-4668-BE54-9A1E7A4F7556}") = "studious-doodle", "studious-doodle\studious-doodle.csproj", "{257708F0-FC42-4A25-8152-D879A888A0B9}"
EndProject
Project("{FAE04EC0-301F-11D3-BF4B-00C04F79EFBC}") = "Test", "Test\Test.csproj", "{1B83D0C3-2E7F-46D3-B53E-320D8678B2F2}"
	ProjectSection(ProjectDependencies) = postProject
		{257708F0-FC42-4A25-8152-D879A888A0B9} = {257708F0-FC42-4A25-8152-D879A888A0B9}
	EndProjectSection
EndProject
Global
	GlobalSection(SolutionConfigurationPlatforms) = preSolution
		Debug|Any CPU = Debug|Any CPU
		Release|Any CPU = Release|Any CPU
	EndGlobalSection
	GlobalSection(ProjectConfigurationPlatforms) = postSolution
		{257708F0-FC42-4A25-8152-D879A888A0B9}.Debug|Any CPU.ActiveCfg = Debug|Any CPU
		{257708F0-FC42-4A25-8152-D879A888A0B9}.Debug|Any CPU.Build.0 = Debug|Any CPU
		{257708F0-FC42-4A25-8152-D879A888A0B9}.Release|Any CPU.ActiveCfg = Release|Any CPU
		{257708F0-FC42-4A25-8152-D879A888A0B9}.Release|Any CPU.Build.0 = Release|Any CPU
		{1B83D0C3-2E7F-46D3-B53E-320D8678B2F2}.Debug|Any CPU.ActiveCfg = Debug|Any CPU
		{1B83D0C3-2E7F-46D3-B53E-320D8678B2F2}.Debug|Any CPU.Build.0 = Debug|Any CPU
		{1B83D0C3-2E7F-46D3-B53E-320D8678B2F2}.Release|Any CPU.ActiveCfg = Release|Any CPU
		{1B83D0C3-2E7F-46D3-B53E-320D8678B2F2}.Release|Any CPU.Build.0 = Release|Any CPU
	EndGlobalSection
	GlobalSection(SolutionProperties) = preSolution
		HideSolutionNode = FALSE
	EndGlobalSection
	GlobalSection(ExtensibilityGlobals) = postSolution
		SolutionGuid = {91772B25-8B3A-4ED8-958A-E9BBDD133E05}
	EndGlobalSection
EndGlobal
